
Microsoft Visual Studio Solution File, Format Version 12.00
# Visual Studio Version 17
VisualStudioVersion = 17.12.35728.132 d17.12
MinimumVisualStudioVersion = 10.0.40219.1
Project("{FAE04EC0-301F-11D3-BF4B-00C04F79EFBC}") = "MyPostmanLibrary", "MyPostmanLibrary\MyPostmanLibrary.csproj", "{EF4541CD-7F6F-4622-8660-FADE9121BBC8}"
EndProject
Project("{FAE04EC0-301F-11D3-BF4B-00C04F79EFBC}") = "MyPostmanUI", "MyPostmanUI\MyPostmanUI.csproj", "{3981E5FB-677E-4AA7-ADAC-16B9ABD7E8B3}"
EndProject
Global
	GlobalSection(SolutionConfigurationPlatforms) = preSolution
		Debug|Any CPU = Debug|Any CPU
		Release|Any CPU = Release|Any CPU
	EndGlobalSection
	GlobalSection(ProjectConfigurationPlatforms) = postSolution
		{EF4541CD-7F6F-4622-8660-FADE9121BBC8}.Debug|Any CPU.ActiveCfg = Debug|Any CPU
		{EF4541CD-7F6F-4622-8660-FADE9121BBC8}.Debug|Any CPU.Build.0 = Debug|Any CPU
		{EF4541CD-7F6F-4622-8660-FADE9121BBC8}.Release|Any CPU.ActiveCfg = Release|Any CPU
		{EF4541CD-7F6F-4622-8660-FADE9121BBC8}.Release|Any CPU.Build.0 = Release|Any CPU
		{3981E5FB-677E-4AA7-ADAC-16B9ABD7E8B3}.Debug|Any CPU.ActiveCfg = Debug|Any CPU
		{3981E5FB-677E-4AA7-ADAC-16B9ABD7E8B3}.Debug|Any CPU.Build.0 = Debug|Any CPU
		{3981E5FB-677E-4AA7-ADAC-16B9ABD7E8B3}.Release|Any CPU.ActiveCfg = Release|Any CPU
		{3981E5FB-677E-4AA7-ADAC-16B9ABD7E8B3}.Release|Any CPU.Build.0 = Release|Any CPU
	EndGlobalSection
	GlobalSection(SolutionProperties) = preSolution
		HideSolutionNode = FALSE
	EndGlobalSection
EndGlobal
